// !$*UTF8*$!
{
	archiveVersion = 1;
	classes = {
	};
	objectVersion = 46;
	objects = {

/* Begin PBXBuildFile section */
		15104E651D9A908B008A63C1 /* GameboardView.swift in Sources */ = {isa = PBXBuildFile; fileRef = 15104E641D9A908B008A63C1 /* GameboardView.swift */; };
		15D490841D9BEA0E00D06E07 /* GameModel.swift in Sources */ = {isa = PBXBuildFile; fileRef = 15D490831D9BEA0E00D06E07 /* GameModel.swift */; };
		15E028B61D991A64001AA190 /* AppDelegate.swift in Sources */ = {isa = PBXBuildFile; fileRef = 15E028B51D991A64001AA190 /* AppDelegate.swift */; };
		15E028B81D991A64001AA190 /* ViewController.swift in Sources */ = {isa = PBXBuildFile; fileRef = 15E028B71D991A64001AA190 /* ViewController.swift */; };
		15E028BB1D991A64001AA190 /* Main.storyboard in Resources */ = {isa = PBXBuildFile; fileRef = 15E028B91D991A64001AA190 /* Main.storyboard */; };
		15E028BD1D991A64001AA190 /* Assets.xcassets in Resources */ = {isa = PBXBuildFile; fileRef = 15E028BC1D991A64001AA190 /* Assets.xcassets */; };
		15E028C01D991A64001AA190 /* LaunchScreen.storyboard in Resources */ = {isa = PBXBuildFile; fileRef = 15E028BE1D991A64001AA190 /* LaunchScreen.storyboard */; };
		15E028CB1D991A64001AA190 /* swift2048_THIRDTests.swift in Sources */ = {isa = PBXBuildFile; fileRef = 15E028CA1D991A64001AA190 /* swift2048_THIRDTests.swift */; };
		15E028D71D991D91001AA190 /* TileView.swift in Sources */ = {isa = PBXBuildFile; fileRef = 15E028D61D991D91001AA190 /* TileView.swift */; };
		15E028D91D991DFA001AA190 /* AppearanceProvider.swift in Sources */ = {isa = PBXBuildFile; fileRef = 15E028D81D991DFA001AA190 /* AppearanceProvider.swift */; };
		15E0290B1D9951C6001AA190 /* AccessoryView.swift in Sources */ = {isa = PBXBuildFile; fileRef = 15E0290A1D9951C6001AA190 /* AccessoryView.swift */; };
		15E0290D1D9A358E001AA190 /* AuxiliaryModels.swift in Sources */ = {isa = PBXBuildFile; fileRef = 15E0290C1D9A358E001AA190 /* AuxiliaryModels.swift */; };
/* End PBXBuildFile section */

/* Begin PBXContainerItemProxy section */
		15E028C71D991A64001AA190 /* PBXContainerItemProxy */ = {
			isa = PBXContainerItemProxy;
			containerPortal = 15E028AA1D991A64001AA190 /* Project object */;
			proxyType = 1;
			remoteGlobalIDString = 15E028B11D991A64001AA190;
			remoteInfo = swift2048_THIRD;
		};
/* End PBXContainerItemProxy section */

/* Begin PBXFileReference section */
		15104E641D9A908B008A63C1 /* GameboardView.swift */ = {isa = PBXFileReference; fileEncoding = 4; lastKnownFileType = sourcecode.swift; path = GameboardView.swift; sourceTree = "<group>"; };
		15D490831D9BEA0E00D06E07 /* GameModel.swift */ = {isa = PBXFileReference; fileEncoding = 4; lastKnownFileType = sourcecode.swift; path = GameModel.swift; sourceTree = "<group>"; };
		15E028B21D991A64001AA190 /* swift2048_THIRD.app */ = {isa = PBXFileReference; explicitFileType = wrapper.application; includeInIndex = 0; path = swift2048_THIRD.app; sourceTree = BUILT_PRODUCTS_DIR; };
		15E028B51D991A64001AA190 /* AppDelegate.swift */ = {isa = PBXFileReference; lastKnownFileType = sourcecode.swift; path = AppDelegate.swift; sourceTree = "<group>"; };
		15E028B71D991A64001AA190 /* ViewController.swift */ = {isa = PBXFileReference; lastKnownFileType = sourcecode.swift; path = ViewController.swift; sourceTree = "<group>"; };
		15E028BA1D991A64001AA190 /* Base */ = {isa = PBXFileReference; lastKnownFileType = file.storyboard; name = Base; path = Base.lproj/Main.storyboard; sourceTree = "<group>"; };
		15E028BC1D991A64001AA190 /* Assets.xcassets */ = {isa = PBXFileReference; lastKnownFileType = folder.assetcatalog; path = Assets.xcassets; sourceTree = "<group>"; };
		15E028BF1D991A64001AA190 /* Base */ = {isa = PBXFileReference; lastKnownFileType = file.storyboard; name = Base; path = Base.lproj/LaunchScreen.storyboard; sourceTree = "<group>"; };
		15E028C11D991A64001AA190 /* Info.plist */ = {isa = PBXFileReference; lastKnownFileType = text.plist.xml; path = Info.plist; sourceTree = "<group>"; };
		15E028C61D991A64001AA190 /* swift2048_THIRDTests.xctest */ = {isa = PBXFileReference; explicitFileType = wrapper.cfbundle; includeInIndex = 0; path = swift2048_THIRDTests.xctest; sourceTree = BUILT_PRODUCTS_DIR; };
		15E028CA1D991A64001AA190 /* swift2048_THIRDTests.swift */ = {isa = PBXFileReference; lastKnownFileType = sourcecode.swift; path = swift2048_THIRDTests.swift; sourceTree = "<group>"; };
		15E028CC1D991A65001AA190 /* Info.plist */ = {isa = PBXFileReference; lastKnownFileType = text.plist.xml; path = Info.plist; sourceTree = "<group>"; };
		15E028D61D991D91001AA190 /* TileView.swift */ = {isa = PBXFileReference; fileEncoding = 4; lastKnownFileType = sourcecode.swift; path = TileView.swift; sourceTree = "<group>"; };
		15E028D81D991DFA001AA190 /* AppearanceProvider.swift */ = {isa = PBXFileReference; fileEncoding = 4; lastKnownFileType = sourcecode.swift; path = AppearanceProvider.swift; sourceTree = "<group>"; };
		15E0290A1D9951C6001AA190 /* AccessoryView.swift */ = {isa = PBXFileReference; fileEncoding = 4; lastKnownFileType = sourcecode.swift; path = AccessoryView.swift; sourceTree = "<group>"; };
		15E0290C1D9A358E001AA190 /* AuxiliaryModels.swift */ = {isa = PBXFileReference; fileEncoding = 4; lastKnownFileType = sourcecode.swift; path = AuxiliaryModels.swift; sourceTree = "<group>"; };
/* End PBXFileReference section */

/* Begin PBXFrameworksBuildPhase section */
		15E028AF1D991A64001AA190 /* Frameworks */ = {
			isa = PBXFrameworksBuildPhase;
			buildActionMask = 2147483647;
			files = (
			);
			runOnlyForDeploymentPostprocessing = 0;
		};
		15E028C31D991A64001AA190 /* Frameworks */ = {
			isa = PBXFrameworksBuildPhase;
			buildActionMask = 2147483647;
			files = (
			);
			runOnlyForDeploymentPostprocessing = 0;
		};
/* End PBXFrameworksBuildPhase section */

/* Begin PBXGroup section */
		15E028A91D991A64001AA190 = {
			isa = PBXGroup;
			children = (
				15E028B41D991A64001AA190 /* swift2048_THIRD */,
				15E028C91D991A64001AA190 /* swift2048_THIRDTests */,
				15E028B31D991A64001AA190 /* Products */,
			);
			sourceTree = "<group>";
		};
		15E028B31D991A64001AA190 /* Products */ = {
			isa = PBXGroup;
			children = (
				15E028B21D991A64001AA190 /* swift2048_THIRD.app */,
				15E028C61D991A64001AA190 /* swift2048_THIRDTests.xctest */,
			);
			name = Products;
			sourceTree = "<group>";
		};
		15E028B41D991A64001AA190 /* swift2048_THIRD */ = {
			isa = PBXGroup;
			children = (
				15E028B51D991A64001AA190 /* AppDelegate.swift */,
				15E028B71D991A64001AA190 /* ViewController.swift */,
				15E028D51D991D6F001AA190 /* Views */,
				15E028B91D991A64001AA190 /* Main.storyboard */,
				15E028BC1D991A64001AA190 /* Assets.xcassets */,
				15E028BE1D991A64001AA190 /* LaunchScreen.storyboard */,
				15E028C11D991A64001AA190 /* Info.plist */,
			);
			path = swift2048_THIRD;
			sourceTree = "<group>";
		};
		15E028C91D991A64001AA190 /* swift2048_THIRDTests */ = {
			isa = PBXGroup;
			children = (
				15E028CA1D991A64001AA190 /* swift2048_THIRDTests.swift */,
				15E028CC1D991A65001AA190 /* Info.plist */,
			);
			path = swift2048_THIRDTests;
			sourceTree = "<group>";
		};
		15E028D51D991D6F001AA190 /* Views */ = {
			isa = PBXGroup;
			children = (
				15E028D61D991D91001AA190 /* TileView.swift */,
				15E0290A1D9951C6001AA190 /* AccessoryView.swift */,
				15E028D81D991DFA001AA190 /* AppearanceProvider.swift */,
				15E0290C1D9A358E001AA190 /* AuxiliaryModels.swift */,
				15104E641D9A908B008A63C1 /* GameboardView.swift */,
				15D490831D9BEA0E00D06E07 /* GameModel.swift */,
			);
			name = Views;
			sourceTree = "<group>";
		};
/* End PBXGroup section */

/* Begin PBXNativeTarget section */
		15E028B11D991A64001AA190 /* swift2048_THIRD */ = {
			isa = PBXNativeTarget;
			buildConfigurationList = 15E028CF1D991A65001AA190 /* Build configuration list for PBXNativeTarget "swift2048_THIRD" */;
			buildPhases = (
				15E028AE1D991A64001AA190 /* Sources */,
				15E028AF1D991A64001AA190 /* Frameworks */,
				15E028B01D991A64001AA190 /* Resources */,
			);
			buildRules = (
			);
			dependencies = (
			);
			name = swift2048_THIRD;
			productName = swift2048_THIRD;
			productReference = 15E028B21D991A64001AA190 /* swift2048_THIRD.app */;
			productType = "com.apple.product-type.application";
		};
		15E028C51D991A64001AA190 /* swift2048_THIRDTests */ = {
			isa = PBXNativeTarget;
			buildConfigurationList = 15E028D21D991A65001AA190 /* Build configuration list for PBXNativeTarget "swift2048_THIRDTests" */;
			buildPhases = (
				15E028C21D991A64001AA190 /* Sources */,
				15E028C31D991A64001AA190 /* Frameworks */,
				15E028C41D991A64001AA190 /* Resources */,
			);
			buildRules = (
			);
			dependencies = (
				15E028C81D991A64001AA190 /* PBXTargetDependency */,
			);
			name = swift2048_THIRDTests;
			productName = swift2048_THIRDTests;
			productReference = 15E028C61D991A64001AA190 /* swift2048_THIRDTests.xctest */;
			productType = "com.apple.product-type.bundle.unit-test";
		};
/* End PBXNativeTarget section */

/* Begin PBXProject section */
		15E028AA1D991A64001AA190 /* Project object */ = {
			isa = PBXProject;
			attributes = {
				LastSwiftUpdateCheck = 0800;
				LastUpgradeCheck = 0800;
				ORGANIZATIONNAME = jansti;
				TargetAttributes = {
					15E028B11D991A64001AA190 = {
						CreatedOnToolsVersion = 8.0;
						DevelopmentTeam = P847E2EFKC;
						ProvisioningStyle = Automatic;
					};
					15E028C51D991A64001AA190 = {
						CreatedOnToolsVersion = 8.0;
						DevelopmentTeam = P847E2EFKC;
						ProvisioningStyle = Automatic;
						TestTargetID = 15E028B11D991A64001AA190;
					};
				};
			};
			buildConfigurationList = 15E028AD1D991A64001AA190 /* Build configuration list for PBXProject "swift2048_THIRD" */;
			compatibilityVersion = "Xcode 3.2";
			developmentRegion = English;
			hasScannedForEncodings = 0;
			knownRegions = (
				en,
				Base,
			);
			mainGroup = 15E028A91D991A64001AA190;
			productRefGroup = 15E028B31D991A64001AA190 /* Products */;
			projectDirPath = "";
			projectRoot = "";
			targets = (
				15E028B11D991A64001AA190 /* swift2048_THIRD */,
				15E028C51D991A64001AA190 /* swift2048_THIRDTests */,
			);
		};
/* End PBXProject section */

/* Begin PBXResourcesBuildPhase section */
		15E028B01D991A64001AA190 /* Resources */ = {
			isa = PBXResourcesBuildPhase;
			buildActionMask = 2147483647;
			files = (
				15E028C01D991A64001AA190 /* LaunchScreen.storyboard in Resources */,
				15E028BD1D991A64001AA190 /* Assets.xcassets in Resources */,
				15E028BB1D991A64001AA190 /* Main.storyboard in Resources */,
			);
			runOnlyForDeploymentPostprocessing = 0;
		};
		15E028C41D991A64001AA190 /* Resources */ = {
			isa = PBXResourcesBuildPhase;
			buildActionMask = 2147483647;
			files = (
			);
			runOnlyForDeploymentPostprocessing = 0;
		};
/* End PBXResourcesBuildPhase section */

/* Begin PBXSourcesBuildPhase section */
		15E028AE1D991A64001AA190 /* Sources */ = {
			isa = PBXSourcesBuildPhase;
			buildActionMask = 2147483647;
			files = (
				15E028B81D991A64001AA190 /* ViewController.swift in Sources */,
				15E0290B1D9951C6001AA190 /* AccessoryView.swift in Sources */,
				15E028D71D991D91001AA190 /* TileView.swift in Sources */,
				15E028D91D991DFA001AA190 /* AppearanceProvider.swift in Sources */,
				15E0290D1D9A358E001AA190 /* AuxiliaryModels.swift in Sources */,
				15D490841D9BEA0E00D06E07 /* GameModel.swift in Sources */,
				15104E651D9A908B008A63C1 /* GameboardView.swift in Sources */,
				15E028B61D991A64001AA190 /* AppDelegate.swift in Sources */,
			);
			runOnlyForDeploymentPostprocessing = 0;
		};
		15E028C21D991A64001AA190 /* Sources */ = {
			isa = PBXSourcesBuildPhase;
			buildActionMask = 2147483647;
			files = (
				15E028CB1D991A64001AA190 /* swift2048_THIRDTests.swift in Sources */,
			);
			runOnlyForDeploymentPostprocessing = 0;
		};
/* End PBXSourcesBuildPhase section */

/* Begin PBXTargetDependency section */
		15E028C81D991A64001AA190 /* PBXTargetDependency */ = {
			isa = PBXTargetDependency;
			target = 15E028B11D991A64001AA190 /* swift2048_THIRD */;
			targetProxy = 15E028C71D991A64001AA190 /* PBXContainerItemProxy */;
		};
/* End PBXTargetDependency section */

/* Begin PBXVariantGroup section */
		15E028B91D991A64001AA190 /* Main.storyboard */ = {
			isa = PBXVariantGroup;
			children = (
				15E028BA1D991A64001AA190 /* Base */,
			);
			name = Main.storyboard;
			sourceTree = "<group>";
		};
		15E028BE1D991A64001AA190 /* LaunchScreen.storyboard */ = {
			isa = PBXVariantGroup;
			children = (
				15E028BF1D991A64001AA190 /* Base */,
			);
			name = LaunchScreen.storyboard;
			sourceTree = "<group>";
		};
/* End PBXVariantGroup section */

/* Begin XCBuildConfiguration section */
		15E028CD1D991A65001AA190 /* Debug */ = {
			isa = XCBuildConfiguration;
			buildSettings = {
				ALWAYS_SEARCH_USER_PATHS = NO;
				CLANG_ANALYZER_NONNULL = YES;
				CLANG_CXX_LANGUAGE_STANDARD = "gnu++0x";
				CLANG_CXX_LIBRARY = "libc++";
				CLANG_ENABLE_MODULES = YES;
				CLANG_ENABLE_OBJC_ARC = YES;
				CLANG_WARN_BOOL_CONVERSION = YES;
				CLANG_WARN_CONSTANT_CONVERSION = YES;
				CLANG_WARN_DIRECT_OBJC_ISA_USAGE = YES_ERROR;
				CLANG_WARN_DOCUMENTATION_COMMENTS = YES;
				CLANG_WARN_EMPTY_BODY = YES;
				CLANG_WARN_ENUM_CONVERSION = YES;
				CLANG_WARN_INFINITE_RECURSION = YES;
				CLANG_WARN_INT_CONVERSION = YES;
				CLANG_WARN_OBJC_ROOT_CLASS = YES_ERROR;
				CLANG_WARN_SUSPICIOUS_MOVES = YES;
				CLANG_WARN_UNREACHABLE_CODE = YES;
				CLANG_WARN__DUPLICATE_METHOD_MATCH = YES;
				"CODE_SIGN_IDENTITY[sdk=iphoneos*]" = "iPhone Developer";
				COPY_PHASE_STRIP = NO;
				DEBUG_INFORMATION_FORMAT = dwarf;
				ENABLE_STRICT_OBJC_MSGSEND = YES;
				ENABLE_TESTABILITY = YES;
				GCC_C_LANGUAGE_STANDARD = gnu99;
				GCC_DYNAMIC_NO_PIC = NO;
				GCC_NO_COMMON_BLOCKS = YES;
				GCC_OPTIMIZATION_LEVEL = 0;
				GCC_PREPROCESSOR_DEFINITIONS = (
					"DEBUG=1",
					"$(inherited)",
				);
				GCC_WARN_64_TO_32_BIT_CONVERSION = YES;
				GCC_WARN_ABOUT_RETURN_TYPE = YES_ERROR;
				GCC_WARN_UNDECLARED_SELECTOR = YES;
				GCC_WARN_UNINITIALIZED_AUTOS = YES_AGGRESSIVE;
				GCC_WARN_UNUSED_FUNCTION = YES;
				GCC_WARN_UNUSED_VARIABLE = YES;
				IPHONEOS_DEPLOYMENT_TARGET = 10.0;
				MTL_ENABLE_DEBUG_INFO = YES;
				ONLY_ACTIVE_ARCH = YES;
				SDKROOT = iphoneos;
				SWIFT_ACTIVE_COMPILATION_CONDITIONS = DEBUG;
				SWIFT_OPTIMIZATION_LEVEL = "-Onone";
				TARGETED_DEVICE_FAMILY = "1,2";
			};
			name = Debug;
		};
		15E028CE1D991A65001AA190 /* Release */ = {
			isa = XCBuildConfiguration;
			buildSettings = {
				ALWAYS_SEARCH_USER_PATHS = NO;
				CLANG_ANALYZER_NONNULL = YES;
				CLANG_CXX_LANGUAGE_STANDARD = "gnu++0x";
				CLANG_CXX_LIBRARY = "libc++";
				CLANG_ENABLE_MODULES = YES;
				CLANG_ENABLE_OBJC_ARC = YES;
				CLANG_WARN_BOOL_CONVERSION = YES;
				CLANG_WARN_CONSTANT_CONVERSION = YES;
				CLANG_WARN_DIRECT_OBJC_ISA_USAGE = YES_ERROR;
				CLANG_WARN_DOCUMENTATION_COMMENTS = YES;
				CLANG_WARN_EMPTY_BODY = YES;
				CLANG_WARN_ENUM_CONVERSION = YES;
				CLANG_WARN_INFINITE_RECURSION = YES;
				CLANG_WARN_INT_CONVERSION = YES;
				CLANG_WARN_OBJC_ROOT_CLASS = YES_ERROR;
				CLANG_WARN_SUSPICIOUS_MOVES = YES;
				CLANG_WARN_UNREACHABLE_CODE = YES;
				CLANG_WARN__DUPLICATE_METHOD_MATCH = YES;
				"CODE_SIGN_IDENTITY[sdk=iphoneos*]" = "iPhone Developer";
				COPY_PHASE_STRIP = NO;
				DEBUG_INFORMATION_FORMAT = "dwarf-with-dsym";
				ENABLE_NS_ASSERTIONS = NO;
				ENABLE_STRICT_OBJC_MSGSEND = YES;
				GCC_C_LANGUAGE_STANDARD = gnu99;
				GCC_NO_COMMON_BLOCKS = YES;
				GCC_WARN_64_TO_32_BIT_CONVERSION = YES;
				GCC_WARN_ABOUT_RETURN_TYPE = YES_ERROR;
				GCC_WARN_UNDECLARED_SELECTOR = YES;
				GCC_WARN_UNINITIALIZED_AUTOS = YES_AGGRESSIVE;
				GCC_WARN_UNUSED_FUNCTION = YES;
				GCC_WARN_UNUSED_VARIABLE = YES;
				IPHONEOS_DEPLOYMENT_TARGET = 10.0;
				MTL_ENABLE_DEBUG_INFO = NO;
				SDKROOT = iphoneos;
				SWIFT_OPTIMIZATION_LEVEL = "-Owholemodule";
				TARGETED_DEVICE_FAMILY = "1,2";
				VALIDATE_PRODUCT = YES;
			};
			name = Release;
		};
		15E028D01D991A65001AA190 /* Debug */ = {
			isa = XCBuildConfiguration;
			buildSettings = {
				ASSETCATALOG_COMPILER_APPICON_NAME = AppIcon;
				DEVELOPMENT_TEAM = P847E2EFKC;
				INFOPLIST_FILE = swift2048_THIRD/Info.plist;
				LD_RUNPATH_SEARCH_PATHS = "$(inherited) @executable_path/Frameworks";
				PRODUCT_BUNDLE_IDENTIFIER = "jansti.redstar.com.swift2048-THIRD";
				PRODUCT_NAME = "$(TARGET_NAME)";
				SWIFT_VERSION = 3.0;
			};
			name = Debug;
		};
		15E028D11D991A65001AA190 /* Release */ = {
			isa = XCBuildConfiguration;
			buildSettings = {
				ASSETCATALOG_COMPILER_APPICON_NAME = AppIcon;
				DEVELOPMENT_TEAM = P847E2EFKC;
				INFOPLIST_FILE = swift2048_THIRD/Info.plist;
				LD_RUNPATH_SEARCH_PATHS = "$(inherited) @executable_path/Frameworks";
				PRODUCT_BUNDLE_IDENTIFIER = "jansti.redstar.com.swift2048-THIRD";
				PRODUCT_NAME = "$(TARGET_NAME)";
				SWIFT_VERSION = 3.0;
			};
			name = Release;
		};
		15E028D31D991A65001AA190 /* Debug */ = {
			isa = XCBuildConfiguration;
			buildSettings = {
				ALWAYS_EMBED_SWIFT_STANDARD_LIBRARIES = YES;
				BUNDLE_LOADER = "$(TEST_HOST)";
				DEVELOPMENT_TEAM = P847E2EFKC;
				INFOPLIST_FILE = swift2048_THIRDTests/Info.plist;
				LD_RUNPATH_SEARCH_PATHS = "$(inherited) @executable_path/Frameworks @loader_path/Frameworks";
				PRODUCT_BUNDLE_IDENTIFIER = "jansti.redstar.com.swift2048-THIRDTests";
				PRODUCT_NAME = "$(TARGET_NAME)";
				SWIFT_VERSION = 3.0;
				TEST_HOST = "$(BUILT_PRODUCTS_DIR)/swift2048_THIRD.app/swift2048_THIRD";
			};
			name = Debug;
		};
		15E028D41D991A65001AA190 /* Release */ = {
			isa = XCBuildConfiguration;
			buildSettings = {
				ALWAYS_EMBED_SWIFT_STANDARD_LIBRARIES = YES;
				BUNDLE_LOADER = "$(TEST_HOST)";
				DEVELOPMENT_TEAM = P847E2EFKC;
				INFOPLIST_FILE = swift2048_THIRDTests/Info.plist;
				LD_RUNPATH_SEARCH_PATHS = "$(inherited) @executable_path/Frameworks @loader_path/Frameworks";
				PRODUCT_BUNDLE_IDENTIFIER = "jansti.redstar.com.swift2048-THIRDTests";
				PRODUCT_NAME = "$(TARGET_NAME)";
				SWIFT_VERSION = 3.0;
				TEST_HOST = "$(BUILT_PRODUCTS_DIR)/swift2048_THIRD.app/swift2048_THIRD";
			};
			name = Release;
		};
/* End XCBuildConfiguration section */

/* Begin XCConfigurationList section */
		15E028AD1D991A64001AA190 /* Build configuration list for PBXProject "swift2048_THIRD" */ = {
			isa = XCConfigurationList;
			buildConfigurations = (
				15E028CD1D991A65001AA190 /* Debug */,
				15E028CE1D991A65001AA190 /* Release */,
			);
			defaultConfigurationIsVisible = 0;
			defaultConfigurationName = Release;
		};
		15E028CF1D991A65001AA190 /* Build configuration list for PBXNativeTarget "swift2048_THIRD" */ = {
			isa = XCConfigurationList;
			buildConfigurations = (
				15E028D01D991A65001AA190 /* Debug */,
				15E028D11D991A65001AA190 /* Release */,
			);
			defaultConfigurationIsVisible = 0;
			defaultConfigurationName = Release;
		};
		15E028D21D991A65001AA190 /* Build configuration list for PBXNativeTarget "swift2048_THIRDTests" */ = {
			isa = XCConfigurationList;
			buildConfigurations = (
				15E028D31D991A65001AA190 /* Debug */,
				15E028D41D991A65001AA190 /* Release */,
			);
			defaultConfigurationIsVisible = 0;
			defaultConfigurationName = Release;
		};
/* End XCConfigurationList section */
	};
	rootObject = 15E028AA1D991A64001AA190 /* Project object */;
}
