// !$*UTF8*$!
{
	archiveVersion = 1;
	classes = {
	};
	objectVersion = 46;
	objects = {

/* Begin PBXBuildFile section */
		15BD59071D9105EE00646FC3 /* AppDelegate.swift in Sources */ = {isa = PBXBuildFile; fileRef = 15BD59061D9105EE00646FC3 /* AppDelegate.swift */; };
		15BD59091D9105EE00646FC3 /* ViewController.swift in Sources */ = {isa = PBXBuildFile; fileRef = 15BD59081D9105EE00646FC3 /* ViewController.swift */; };
		15BD590C1D9105EE00646FC3 /* Main.storyboard in Resources */ = {isa = PBXBuildFile; fileRef = 15BD590A1D9105EE00646FC3 /* Main.storyboard */; };
		15BD590E1D9105EF00646FC3 /* Assets.xcassets in Resources */ = {isa = PBXBuildFile; fileRef = 15BD590D1D9105EF00646FC3 /* Assets.xcassets */; };
		15BD59111D9105EF00646FC3 /* LaunchScreen.storyboard in Resources */ = {isa = PBXBuildFile; fileRef = 15BD590F1D9105EF00646FC3 /* LaunchScreen.storyboard */; };
		15BD591C1D9105EF00646FC3 /* _048SelfTests.swift in Sources */ = {isa = PBXBuildFile; fileRef = 15BD591B1D9105EF00646FC3 /* _048SelfTests.swift */; };
		15BD59291D9106B200646FC3 /* NumberTileGame.swift in Sources */ = {isa = PBXBuildFile; fileRef = 15BD59281D9106B200646FC3 /* NumberTileGame.swift */; };
		15BD592B1D9107D000646FC3 /* GameModel.swift in Sources */ = {isa = PBXBuildFile; fileRef = 15BD592A1D9107D000646FC3 /* GameModel.swift */; };
		15BD592D1D9107FA00646FC3 /* GameBoardView.swift in Sources */ = {isa = PBXBuildFile; fileRef = 15BD592C1D9107FA00646FC3 /* GameBoardView.swift */; };
		15BD592F1D91092900646FC3 /* AccessoryViews.swift in Sources */ = {isa = PBXBuildFile; fileRef = 15BD592E1D91092900646FC3 /* AccessoryViews.swift */; };
		15BD59311D910BEE00646FC3 /* TileView.swift in Sources */ = {isa = PBXBuildFile; fileRef = 15BD59301D910BEE00646FC3 /* TileView.swift */; };
		15BD59331D91114E00646FC3 /* AppearanceProvider.swift in Sources */ = {isa = PBXBuildFile; fileRef = 15BD59321D91114E00646FC3 /* AppearanceProvider.swift */; };
/* End PBXBuildFile section */

/* Begin PBXContainerItemProxy section */
		15BD59181D9105EF00646FC3 /* PBXContainerItemProxy */ = {
			isa = PBXContainerItemProxy;
			containerPortal = 15BD58FB1D9105EE00646FC3 /* Project object */;
			proxyType = 1;
			remoteGlobalIDString = 15BD59021D9105EE00646FC3;
			remoteInfo = 2048Self;
		};
/* End PBXContainerItemProxy section */

/* Begin PBXFileReference section */
		15BD59031D9105EE00646FC3 /* 2048Self.app */ = {isa = PBXFileReference; explicitFileType = wrapper.application; includeInIndex = 0; path = 2048Self.app; sourceTree = BUILT_PRODUCTS_DIR; };
		15BD59061D9105EE00646FC3 /* AppDelegate.swift */ = {isa = PBXFileReference; lastKnownFileType = sourcecode.swift; path = AppDelegate.swift; sourceTree = "<group>"; };
		15BD59081D9105EE00646FC3 /* ViewController.swift */ = {isa = PBXFileReference; lastKnownFileType = sourcecode.swift; path = ViewController.swift; sourceTree = "<group>"; };
		15BD590B1D9105EE00646FC3 /* Base */ = {isa = PBXFileReference; lastKnownFileType = file.storyboard; name = Base; path = Base.lproj/Main.storyboard; sourceTree = "<group>"; };
		15BD590D1D9105EF00646FC3 /* Assets.xcassets */ = {isa = PBXFileReference; lastKnownFileType = folder.assetcatalog; path = Assets.xcassets; sourceTree = "<group>"; };
		15BD59101D9105EF00646FC3 /* Base */ = {isa = PBXFileReference; lastKnownFileType = file.storyboard; name = Base; path = Base.lproj/LaunchScreen.storyboard; sourceTree = "<group>"; };
		15BD59121D9105EF00646FC3 /* Info.plist */ = {isa = PBXFileReference; lastKnownFileType = text.plist.xml; path = Info.plist; sourceTree = "<group>"; };
		15BD59171D9105EF00646FC3 /* 2048SelfTests.xctest */ = {isa = PBXFileReference; explicitFileType = wrapper.cfbundle; includeInIndex = 0; path = 2048SelfTests.xctest; sourceTree = BUILT_PRODUCTS_DIR; };
		15BD591B1D9105EF00646FC3 /* _048SelfTests.swift */ = {isa = PBXFileReference; lastKnownFileType = sourcecode.swift; path = _048SelfTests.swift; sourceTree = "<group>"; };
		15BD591D1D9105EF00646FC3 /* Info.plist */ = {isa = PBXFileReference; lastKnownFileType = text.plist.xml; path = Info.plist; sourceTree = "<group>"; };
		15BD59281D9106B200646FC3 /* NumberTileGame.swift */ = {isa = PBXFileReference; fileEncoding = 4; lastKnownFileType = sourcecode.swift; path = NumberTileGame.swift; sourceTree = "<group>"; };
		15BD592A1D9107D000646FC3 /* GameModel.swift */ = {isa = PBXFileReference; fileEncoding = 4; lastKnownFileType = sourcecode.swift; path = GameModel.swift; sourceTree = "<group>"; };
		15BD592C1D9107FA00646FC3 /* GameBoardView.swift */ = {isa = PBXFileReference; fileEncoding = 4; lastKnownFileType = sourcecode.swift; path = GameBoardView.swift; sourceTree = "<group>"; };
		15BD592E1D91092900646FC3 /* AccessoryViews.swift */ = {isa = PBXFileReference; fileEncoding = 4; lastKnownFileType = sourcecode.swift; path = AccessoryViews.swift; sourceTree = "<group>"; };
		15BD59301D910BEE00646FC3 /* TileView.swift */ = {isa = PBXFileReference; fileEncoding = 4; lastKnownFileType = sourcecode.swift; path = TileView.swift; sourceTree = "<group>"; };
		15BD59321D91114E00646FC3 /* AppearanceProvider.swift */ = {isa = PBXFileReference; fileEncoding = 4; lastKnownFileType = sourcecode.swift; path = AppearanceProvider.swift; sourceTree = "<group>"; };
/* End PBXFileReference section */

/* Begin PBXFrameworksBuildPhase section */
		15BD59001D9105EE00646FC3 /* Frameworks */ = {
			isa = PBXFrameworksBuildPhase;
			buildActionMask = 2147483647;
			files = (
			);
			runOnlyForDeploymentPostprocessing = 0;
		};
		15BD59141D9105EF00646FC3 /* Frameworks */ = {
			isa = PBXFrameworksBuildPhase;
			buildActionMask = 2147483647;
			files = (
			);
			runOnlyForDeploymentPostprocessing = 0;
		};
/* End PBXFrameworksBuildPhase section */

/* Begin PBXGroup section */
		15BD58FA1D9105EE00646FC3 = {
			isa = PBXGroup;
			children = (
				15BD59051D9105EE00646FC3 /* 2048Self */,
				15BD591A1D9105EF00646FC3 /* 2048SelfTests */,
				15BD59041D9105EE00646FC3 /* Products */,
			);
			sourceTree = "<group>";
		};
		15BD59041D9105EE00646FC3 /* Products */ = {
			isa = PBXGroup;
			children = (
				15BD59031D9105EE00646FC3 /* 2048Self.app */,
				15BD59171D9105EF00646FC3 /* 2048SelfTests.xctest */,
			);
			name = Products;
			sourceTree = "<group>";
		};
		15BD59051D9105EE00646FC3 /* 2048Self */ = {
			isa = PBXGroup;
			children = (
				15BD59061D9105EE00646FC3 /* AppDelegate.swift */,
				15BD59081D9105EE00646FC3 /* ViewController.swift */,
				15BD59281D9106B200646FC3 /* NumberTileGame.swift */,
				15BD59321D91114E00646FC3 /* AppearanceProvider.swift */,
				15BD59271D91064C00646FC3 /* Models */,
				15BD59261D91064900646FC3 /* Views */,
				15BD590A1D9105EE00646FC3 /* Main.storyboard */,
				15BD590D1D9105EF00646FC3 /* Assets.xcassets */,
				15BD590F1D9105EF00646FC3 /* LaunchScreen.storyboard */,
				15BD59121D9105EF00646FC3 /* Info.plist */,
			);
			path = 2048Self;
			sourceTree = "<group>";
		};
		15BD591A1D9105EF00646FC3 /* 2048SelfTests */ = {
			isa = PBXGroup;
			children = (
				15BD591B1D9105EF00646FC3 /* _048SelfTests.swift */,
				15BD591D1D9105EF00646FC3 /* Info.plist */,
			);
			path = 2048SelfTests;
			sourceTree = "<group>";
		};
		15BD59261D91064900646FC3 /* Views */ = {
			isa = PBXGroup;
			children = (
				15BD592C1D9107FA00646FC3 /* GameBoardView.swift */,
				15BD592E1D91092900646FC3 /* AccessoryViews.swift */,
				15BD59301D910BEE00646FC3 /* TileView.swift */,
			);
			name = Views;
			sourceTree = "<group>";
		};
		15BD59271D91064C00646FC3 /* Models */ = {
			isa = PBXGroup;
			children = (
				15BD592A1D9107D000646FC3 /* GameModel.swift */,
			);
			name = Models;
			sourceTree = "<group>";
		};
/* End PBXGroup section */

/* Begin PBXNativeTarget section */
		15BD59021D9105EE00646FC3 /* 2048Self */ = {
			isa = PBXNativeTarget;
			buildConfigurationList = 15BD59201D9105EF00646FC3 /* Build configuration list for PBXNativeTarget "2048Self" */;
			buildPhases = (
				15BD58FF1D9105EE00646FC3 /* Sources */,
				15BD59001D9105EE00646FC3 /* Frameworks */,
				15BD59011D9105EE00646FC3 /* Resources */,
			);
			buildRules = (
			);
			dependencies = (
			);
			name = 2048Self;
			productName = 2048Self;
			productReference = 15BD59031D9105EE00646FC3 /* 2048Self.app */;
			productType = "com.apple.product-type.application";
		};
		15BD59161D9105EF00646FC3 /* 2048SelfTests */ = {
			isa = PBXNativeTarget;
			buildConfigurationList = 15BD59231D9105EF00646FC3 /* Build configuration list for PBXNativeTarget "2048SelfTests" */;
			buildPhases = (
				15BD59131D9105EF00646FC3 /* Sources */,
				15BD59141D9105EF00646FC3 /* Frameworks */,
				15BD59151D9105EF00646FC3 /* Resources */,
			);
			buildRules = (
			);
			dependencies = (
				15BD59191D9105EF00646FC3 /* PBXTargetDependency */,
			);
			name = 2048SelfTests;
			productName = 2048SelfTests;
			productReference = 15BD59171D9105EF00646FC3 /* 2048SelfTests.xctest */;
			productType = "com.apple.product-type.bundle.unit-test";
		};
/* End PBXNativeTarget section */

/* Begin PBXProject section */
		15BD58FB1D9105EE00646FC3 /* Project object */ = {
			isa = PBXProject;
			attributes = {
				LastSwiftUpdateCheck = 0730;
				LastUpgradeCheck = 0730;
				ORGANIZATIONNAME = jansti;
				TargetAttributes = {
					15BD59021D9105EE00646FC3 = {
						CreatedOnToolsVersion = 7.3.1;
						DevelopmentTeam = TE2958KSXV;
					};
					15BD59161D9105EF00646FC3 = {
						CreatedOnToolsVersion = 7.3.1;
						TestTargetID = 15BD59021D9105EE00646FC3;
					};
				};
			};
			buildConfigurationList = 15BD58FE1D9105EE00646FC3 /* Build configuration list for PBXProject "2048Self" */;
			compatibilityVersion = "Xcode 3.2";
			developmentRegion = English;
			hasScannedForEncodings = 0;
			knownRegions = (
				en,
				Base,
			);
			mainGroup = 15BD58FA1D9105EE00646FC3;
			productRefGroup = 15BD59041D9105EE00646FC3 /* Products */;
			projectDirPath = "";
			projectRoot = "";
			targets = (
				15BD59021D9105EE00646FC3 /* 2048Self */,
				15BD59161D9105EF00646FC3 /* 2048SelfTests */,
			);
		};
/* End PBXProject section */

/* Begin PBXResourcesBuildPhase section */
		15BD59011D9105EE00646FC3 /* Resources */ = {
			isa = PBXResourcesBuildPhase;
			buildActionMask = 2147483647;
			files = (
				15BD59111D9105EF00646FC3 /* LaunchScreen.storyboard in Resources */,
				15BD590E1D9105EF00646FC3 /* Assets.xcassets in Resources */,
				15BD590C1D9105EE00646FC3 /* Main.storyboard in Resources */,
			);
			runOnlyForDeploymentPostprocessing = 0;
		};
		15BD59151D9105EF00646FC3 /* Resources */ = {
			isa = PBXResourcesBuildPhase;
			buildActionMask = 2147483647;
			files = (
			);
			runOnlyForDeploymentPostprocessing = 0;
		};
/* End PBXResourcesBuildPhase section */

/* Begin PBXSourcesBuildPhase section */
		15BD58FF1D9105EE00646FC3 /* Sources */ = {
			isa = PBXSourcesBuildPhase;
			buildActionMask = 2147483647;
			files = (
				15BD59291D9106B200646FC3 /* NumberTileGame.swift in Sources */,
				15BD59311D910BEE00646FC3 /* TileView.swift in Sources */,
				15BD592F1D91092900646FC3 /* AccessoryViews.swift in Sources */,
				15BD592D1D9107FA00646FC3 /* GameBoardView.swift in Sources */,
				15BD592B1D9107D000646FC3 /* GameModel.swift in Sources */,
				15BD59091D9105EE00646FC3 /* ViewController.swift in Sources */,
				15BD59331D91114E00646FC3 /* AppearanceProvider.swift in Sources */,
				15BD59071D9105EE00646FC3 /* AppDelegate.swift in Sources */,
			);
			runOnlyForDeploymentPostprocessing = 0;
		};
		15BD59131D9105EF00646FC3 /* Sources */ = {
			isa = PBXSourcesBuildPhase;
			buildActionMask = 2147483647;
			files = (
				15BD591C1D9105EF00646FC3 /* _048SelfTests.swift in Sources */,
			);
			runOnlyForDeploymentPostprocessing = 0;
		};
/* End PBXSourcesBuildPhase section */

/* Begin PBXTargetDependency section */
		15BD59191D9105EF00646FC3 /* PBXTargetDependency */ = {
			isa = PBXTargetDependency;
			target = 15BD59021D9105EE00646FC3 /* 2048Self */;
			targetProxy = 15BD59181D9105EF00646FC3 /* PBXContainerItemProxy */;
		};
/* End PBXTargetDependency section */

/* Begin PBXVariantGroup section */
		15BD590A1D9105EE00646FC3 /* Main.storyboard */ = {
			isa = PBXVariantGroup;
			children = (
				15BD590B1D9105EE00646FC3 /* Base */,
			);
			name = Main.storyboard;
			sourceTree = "<group>";
		};
		15BD590F1D9105EF00646FC3 /* LaunchScreen.storyboard */ = {
			isa = PBXVariantGroup;
			children = (
				15BD59101D9105EF00646FC3 /* Base */,
			);
			name = LaunchScreen.storyboard;
			sourceTree = "<group>";
		};
/* End PBXVariantGroup section */

/* Begin XCBuildConfiguration section */
		15BD591E1D9105EF00646FC3 /* Debug */ = {
			isa = XCBuildConfiguration;
			buildSettings = {
				ALWAYS_SEARCH_USER_PATHS = NO;
				CLANG_ANALYZER_NONNULL = YES;
				CLANG_CXX_LANGUAGE_STANDARD = "gnu++0x";
				CLANG_CXX_LIBRARY = "libc++";
				CLANG_ENABLE_MODULES = YES;
				CLANG_ENABLE_OBJC_ARC = YES;
				CLANG_WARN_BOOL_CONVERSION = YES;
				CLANG_WARN_CONSTANT_CONVERSION = YES;
				CLANG_WARN_DIRECT_OBJC_ISA_USAGE = YES_ERROR;
				CLANG_WARN_EMPTY_BODY = YES;
				CLANG_WARN_ENUM_CONVERSION = YES;
				CLANG_WARN_INT_CONVERSION = YES;
				CLANG_WARN_OBJC_ROOT_CLASS = YES_ERROR;
				CLANG_WARN_UNREACHABLE_CODE = YES;
				CLANG_WARN__DUPLICATE_METHOD_MATCH = YES;
				"CODE_SIGN_IDENTITY[sdk=iphoneos*]" = "iPhone Developer";
				COPY_PHASE_STRIP = NO;
				DEBUG_INFORMATION_FORMAT = dwarf;
				ENABLE_STRICT_OBJC_MSGSEND = YES;
				ENABLE_TESTABILITY = YES;
				GCC_C_LANGUAGE_STANDARD = gnu99;
				GCC_DYNAMIC_NO_PIC = NO;
				GCC_NO_COMMON_BLOCKS = YES;
				GCC_OPTIMIZATION_LEVEL = 0;
				GCC_PREPROCESSOR_DEFINITIONS = (
					"DEBUG=1",
					"$(inherited)",
				);
				GCC_WARN_64_TO_32_BIT_CONVERSION = YES;
				GCC_WARN_ABOUT_RETURN_TYPE = YES_ERROR;
				GCC_WARN_UNDECLARED_SELECTOR = YES;
				GCC_WARN_UNINITIALIZED_AUTOS = YES_AGGRESSIVE;
				GCC_WARN_UNUSED_FUNCTION = YES;
				GCC_WARN_UNUSED_VARIABLE = YES;
				IPHONEOS_DEPLOYMENT_TARGET = 9.3;
				MTL_ENABLE_DEBUG_INFO = YES;
				ONLY_ACTIVE_ARCH = YES;
				SDKROOT = iphoneos;
				SWIFT_OPTIMIZATION_LEVEL = "-Onone";
				TARGETED_DEVICE_FAMILY = "1,2";
			};
			name = Debug;
		};
		15BD591F1D9105EF00646FC3 /* Release */ = {
			isa = XCBuildConfiguration;
			buildSettings = {
				ALWAYS_SEARCH_USER_PATHS = NO;
				CLANG_ANALYZER_NONNULL = YES;
				CLANG_CXX_LANGUAGE_STANDARD = "gnu++0x";
				CLANG_CXX_LIBRARY = "libc++";
				CLANG_ENABLE_MODULES = YES;
				CLANG_ENABLE_OBJC_ARC = YES;
				CLANG_WARN_BOOL_CONVERSION = YES;
				CLANG_WARN_CONSTANT_CONVERSION = YES;
				CLANG_WARN_DIRECT_OBJC_ISA_USAGE = YES_ERROR;
				CLANG_WARN_EMPTY_BODY = YES;
				CLANG_WARN_ENUM_CONVERSION = YES;
				CLANG_WARN_INT_CONVERSION = YES;
				CLANG_WARN_OBJC_ROOT_CLASS = YES_ERROR;
				CLANG_WARN_UNREACHABLE_CODE = YES;
				CLANG_WARN__DUPLICATE_METHOD_MATCH = YES;
				"CODE_SIGN_IDENTITY[sdk=iphoneos*]" = "iPhone Developer";
				COPY_PHASE_STRIP = NO;
				DEBUG_INFORMATION_FORMAT = "dwarf-with-dsym";
				ENABLE_NS_ASSERTIONS = NO;
				ENABLE_STRICT_OBJC_MSGSEND = YES;
				GCC_C_LANGUAGE_STANDARD = gnu99;
				GCC_NO_COMMON_BLOCKS = YES;
				GCC_WARN_64_TO_32_BIT_CONVERSION = YES;
				GCC_WARN_ABOUT_RETURN_TYPE = YES_ERROR;
				GCC_WARN_UNDECLARED_SELECTOR = YES;
				GCC_WARN_UNINITIALIZED_AUTOS = YES_AGGRESSIVE;
				GCC_WARN_UNUSED_FUNCTION = YES;
				GCC_WARN_UNUSED_VARIABLE = YES;
				IPHONEOS_DEPLOYMENT_TARGET = 9.3;
				MTL_ENABLE_DEBUG_INFO = NO;
				SDKROOT = iphoneos;
				TARGETED_DEVICE_FAMILY = "1,2";
				VALIDATE_PRODUCT = YES;
			};
			name = Release;
		};
		15BD59211D9105EF00646FC3 /* Debug */ = {
			isa = XCBuildConfiguration;
			buildSettings = {
				ASSETCATALOG_COMPILER_APPICON_NAME = AppIcon;
				CODE_SIGN_IDENTITY = "iPhone Developer";
				INFOPLIST_FILE = 2048Self/Info.plist;
				IPHONEOS_DEPLOYMENT_TARGET = 8.0;
				LD_RUNPATH_SEARCH_PATHS = "$(inherited) @executable_path/Frameworks";
				PRODUCT_BUNDLE_IDENTIFIER = "jansti.redstar.com.-048Self";
				PRODUCT_NAME = "$(TARGET_NAME)";
			};
			name = Debug;
		};
		15BD59221D9105EF00646FC3 /* Release */ = {
			isa = XCBuildConfiguration;
			buildSettings = {
				ASSETCATALOG_COMPILER_APPICON_NAME = AppIcon;
				CODE_SIGN_IDENTITY = "iPhone Developer";
				INFOPLIST_FILE = 2048Self/Info.plist;
				IPHONEOS_DEPLOYMENT_TARGET = 8.0;
				LD_RUNPATH_SEARCH_PATHS = "$(inherited) @executable_path/Frameworks";
				PRODUCT_BUNDLE_IDENTIFIER = "jansti.redstar.com.-048Self";
				PRODUCT_NAME = "$(TARGET_NAME)";
			};
			name = Release;
		};
		15BD59241D9105EF00646FC3 /* Debug */ = {
			isa = XCBuildConfiguration;
			buildSettings = {
				BUNDLE_LOADER = "$(TEST_HOST)";
				INFOPLIST_FILE = 2048SelfTests/Info.plist;
				LD_RUNPATH_SEARCH_PATHS = "$(inherited) @executable_path/Frameworks @loader_path/Frameworks";
				PRODUCT_BUNDLE_IDENTIFIER = "jansti.redstar.com.-048SelfTests";
				PRODUCT_NAME = "$(TARGET_NAME)";
				TEST_HOST = "$(BUILT_PRODUCTS_DIR)/2048Self.app/2048Self";
			};
			name = Debug;
		};
		15BD59251D9105EF00646FC3 /* Release */ = {
			isa = XCBuildConfiguration;
			buildSettings = {
				BUNDLE_LOADER = "$(TEST_HOST)";
				INFOPLIST_FILE = 2048SelfTests/Info.plist;
				LD_RUNPATH_SEARCH_PATHS = "$(inherited) @executable_path/Frameworks @loader_path/Frameworks";
				PRODUCT_BUNDLE_IDENTIFIER = "jansti.redstar.com.-048SelfTests";
				PRODUCT_NAME = "$(TARGET_NAME)";
				TEST_HOST = "$(BUILT_PRODUCTS_DIR)/2048Self.app/2048Self";
			};
			name = Release;
		};
/* End XCBuildConfiguration section */

/* Begin XCConfigurationList section */
		15BD58FE1D9105EE00646FC3 /* Build configuration list for PBXProject "2048Self" */ = {
			isa = XCConfigurationList;
			buildConfigurations = (
				15BD591E1D9105EF00646FC3 /* Debug */,
				15BD591F1D9105EF00646FC3 /* Release */,
			);
			defaultConfigurationIsVisible = 0;
			defaultConfigurationName = Release;
		};
		15BD59201D9105EF00646FC3 /* Build configuration list for PBXNativeTarget "2048Self" */ = {
			isa = XCConfigurationList;
			buildConfigurations = (
				15BD59211D9105EF00646FC3 /* Debug */,
				15BD59221D9105EF00646FC3 /* Release */,
			);
			defaultConfigurationIsVisible = 0;
		};
		15BD59231D9105EF00646FC3 /* Build configuration list for PBXNativeTarget "2048SelfTests" */ = {
			isa = XCConfigurationList;
			buildConfigurations = (
				15BD59241D9105EF00646FC3 /* Debug */,
				15BD59251D9105EF00646FC3 /* Release */,
			);
			defaultConfigurationIsVisible = 0;
		};
/* End XCConfigurationList section */
	};
	rootObject = 15BD58FB1D9105EE00646FC3 /* Project object */;
}
